
Microsoft Visual Studio Solution File, Format Version 12.00
# Visual Studio 15
VisualStudioVersion = 15.0.27130.2010
MinimumVisualStudioVersion = 10.0.40219.1
Project("{FAE04EC0-301F-11D3-BF4B-00C04F79EFBC}") = "WebApplication1", "WebApplication1\WebApplication1.csproj", "{8EB7DF48-D1F6-4F72-94F9-2C0637224A30}"
EndProject
Global
	GlobalSection(SolutionConfigurationPlatforms) = preSolution
		Debug|Any CPU = Debug|Any CPU
		Release|Any CPU = Release|Any CPU
	EndGlobalSection
	GlobalSection(ProjectConfigurationPlatforms) = postSolution
		{8EB7DF48-D1F6-4F72-94F9-2C0637224A30}.Debug|Any CPU.ActiveCfg = Debug|Any CPU
		{8EB7DF48-D1F6-4F72-94F9-2C0637224A30}.Debug|Any CPU.Build.0 = Debug|Any CPU
		{8EB7DF48-D1F6-4F72-94F9-2C0637224A30}.Release|Any CPU.ActiveCfg = Release|Any CPU
		{8EB7DF48-D1F6-4F72-94F9-2C0637224A30}.Release|Any CPU.Build.0 = Release|Any CPU
	EndGlobalSection
	GlobalSection(SolutionProperties) = preSolution
		HideSolutionNode = FALSE
	EndGlobalSection
	GlobalSection(ExtensibilityGlobals) = postSolution
		SolutionGuid = {462BCCF3-DF03-41C3-A3F5-FA55031C057E}
	EndGlobalSection
EndGlobal
